{
    "_readme": [
        "This file locks the dependencies of your project to a known state",
        "Read more about it at https://getcomposer.org/doc/01-basic-usage.md#installing-dependencies",
        "This file is @generated automatically"
    ],
    "content-hash": "92b7c18b232d295198ec978732f5160f",
    "packages": [
        {
            "name": "helhum/dotenv-connector",
            "version": "v3.1.2",
            "source": {
                "type": "git",
                "url": "https://github.com/helhum/dotenv-connector.git",
                "reference": "be118357a96e8c4e8a7a6a5cda2239e924af3d53"
            },
            "dist": {
                "type": "zip",
                "url": "https://api.github.com/repos/helhum/dotenv-connector/zipball/be118357a96e8c4e8a7a6a5cda2239e924af3d53",
                "reference": "be118357a96e8c4e8a7a6a5cda2239e924af3d53",
                "shasum": ""
            },
            "require": {
                "composer-plugin-api": "^1.0 || ^2.0",
                "php": ">=7.2",
                "symfony/dotenv": "^5.1 || ^6.4 || ^7.0"
            },
            "require-dev": {
                "composer/composer": "^1.0 || ^2.0",
                "composer/semver": "^1.0 || ^2.0 || ^3.0",
                "mikey179/vfsstream": "^1.6.0",
                "phpunit/phpunit": "^5"
            },
            "type": "composer-plugin",
            "extra": {
                "class": "Helhum\\DotEnvConnector\\Plugin",
                "branch-alias": {
                    "dev-latest": "3.x-dev"
                }
            },
            "autoload": {
                "psr-4": {
                    "Helhum\\DotEnvConnector\\": "src/"
                }
            },
            "notification-url": "https://packagist.org/downloads/",
            "license": [
                "MIT"
            ],
            "authors": [
                {
                    "name": "Helmut Hummel",
                    "email": "info@helhum.io"
                }
            ],
            "description": "Makes it possible to set environment variables for composer projects.",
            "homepage": "https://github.com/helhum/dotenv-connector",
            "keywords": [
                "12factor",
                "composer",
                "dotenv",
                "env"
            ],
            "support": {
                "issues": "https://github.com/helhum/dotenv-connector/issues",
                "source": "https://github.com/helhum/dotenv-connector/tree/v3.1.2"
            },
            "funding": [
                {
                    "url": "https://www.paypal.me/helhum/19.99",
                    "type": "custom"
                },
                {
                    "url": "https://github.com/helhum",
                    "type": "github"
                }
            ],
            "time": "2025-01-12T21:06:43+00:00"
        },
        {
            "name": "symfony/dotenv",
            "version": "v7.3.0",
            "source": {
                "type": "git",
                "url": "https://github.com/symfony/dotenv.git",
                "reference": "28347a897771d0c28e99b75166dd2689099f3045"
            },
            "dist": {
                "type": "zip",
                "url": "https://api.github.com/repos/symfony/dotenv/zipball/28347a897771d0c28e99b75166dd2689099f3045",
                "reference": "28347a897771d0c28e99b75166dd2689099f3045",
                "shasum": ""
            },
            "require": {
                "php": ">=8.2"
            },
            "conflict": {
                "symfony/console": "<6.4",
                "symfony/process": "<6.4"
            },
            "require-dev": {
                "symfony/console": "^6.4|^7.0",
                "symfony/process": "^6.4|^7.0"
            },
            "type": "library",
            "autoload": {
                "psr-4": {
                    "Symfony\\Component\\Dotenv\\": ""
                },
                "exclude-from-classmap": [
                    "/Tests/"
                ]
            },
            "notification-url": "https://packagist.org/downloads/",
            "license": [
                "MIT"
            ],
            "authors": [
                {
                    "name": "Fabien Potencier",
                    "email": "fabien@symfony.com"
                },
                {
                    "name": "Symfony Community",
                    "homepage": "https://symfony.com/contributors"
                }
            ],
            "description": "Registers environment variables from a .env file",
            "homepage": "https://symfony.com",
            "keywords": [
                "dotenv",
                "env",
                "environment"
            ],
            "support": {
                "source": "https://github.com/symfony/dotenv/tree/v7.3.0"
            },
            "funding": [
                {
                    "url": "https://symfony.com/sponsor",
                    "type": "custom"
                },
                {
                    "url": "https://github.com/fabpot",
                    "type": "github"
                },
                {
                    "url": "https://tidelift.com/funding/github/packagist/symfony/symfony",
                    "type": "tidelift"
                }
            ],
            "time": "2024-11-27T11:18:42+00:00"
        }
    ],
    "packages-dev": [],
    "aliases": [],
    "minimum-stability": "stable",
    "stability-flags": {},
    "prefer-stable": false,
    "prefer-lowest": false,
    "platform": {},
    "platform-dev": {},
    "plugin-api-version": "2.6.0"
}
